
Microsoft Visual Studio Solution File, Format Version 12.00
# Visual Studio Version 16
VisualStudioVersion = 16.0.33529.622
MinimumVisualStudioVersion = 10.0.40219.1
Project("{FAE04EC0-301F-11D3-BF4B-00C04F79EFBC}") = "TelegrammBot", "TelegrammBot.csproj", "{05D586DD-7754-43CC-A1D2-812D046B84E1}"
EndProject
Global
	GlobalSection(SolutionConfigurationPlatforms) = preSolution
		Debug|Any CPU = Debug|Any CPU
		Release|Any CPU = Release|Any CPU
	EndGlobalSection
	GlobalSection(ProjectConfigurationPlatforms) = postSolution
		{05D586DD-7754-43CC-A1D2-812D046B84E1}.Debug|Any CPU.ActiveCfg = Debug|Any CPU
		{05D586DD-7754-43CC-A1D2-812D046B84E1}.Debug|Any CPU.Build.0 = Debug|Any CPU
		{05D586DD-7754-43CC-A1D2-812D046B84E1}.Release|Any CPU.ActiveCfg = Release|Any CPU
		{05D586DD-7754-43CC-A1D2-812D046B84E1}.Release|Any CPU.Build.0 = Release|Any CPU
	EndGlobalSection
	GlobalSection(SolutionProperties) = preSolution
		HideSolutionNode = FALSE
	EndGlobalSection
	GlobalSection(ExtensibilityGlobals) = postSolution
		SolutionGuid = {B54F4615-708D-483C-87F3-66C22E86AC63}
	EndGlobalSection
EndGlobal
